// !$*UTF8*$!
{
	archiveVersion = 1;
	classes = {
	};
	objectVersion = 50;
	objects = {

/* Begin PBXBuildFile section */
		4968AFA0278ABD15001D9F45 /* AppDelegate.m in Sources */ = {isa = PBXBuildFile; fileRef = 4968AF9F278ABD15001D9F45 /* AppDelegate.m */; };
		4968AFA3278ABD15001D9F45 /* SceneDelegate.m in Sources */ = {isa = PBXBuildFile; fileRef = 4968AFA2278ABD15001D9F45 /* SceneDelegate.m */; };
		4968AFA6278ABD15001D9F45 /* ViewController.m in Sources */ = {isa = PBXBuildFile; fileRef = 4968AFA5278ABD15001D9F45 /* ViewController.m */; };
		4968AFA9278ABD15001D9F45 /* Main.storyboard in Resources */ = {isa = PBXBuildFile; fileRef = 4968AFA7278ABD15001D9F45 /* Main.storyboard */; };
		4968AFAB278ABD18001D9F45 /* Assets.xcassets in Resources */ = {isa = PBXBuildFile; fileRef = 4968AFAA278ABD18001D9F45 /* Assets.xcassets */; };
		4968AFAE278ABD18001D9F45 /* LaunchScreen.storyboard in Resources */ = {isa = PBXBuildFile; fileRef = 4968AFAC278ABD18001D9F45 /* LaunchScreen.storyboard */; };
		4968AFB1278ABD18001D9F45 /* main.m in Sources */ = {isa = PBXBuildFile; fileRef = 4968AFB0278ABD18001D9F45 /* main.m */; };
		4968AFBB278ABD18001D9F45 /* OCKnowledgeTests.m in Sources */ = {isa = PBXBuildFile; fileRef = 4968AFBA278ABD18001D9F45 /* OCKnowledgeTests.m */; };
		4968AFC6278ABD18001D9F45 /* OCKnowledgeUITests.m in Sources */ = {isa = PBXBuildFile; fileRef = 4968AFC5278ABD18001D9F45 /* OCKnowledgeUITests.m */; };
/* End PBXBuildFile section */

/* Begin PBXContainerItemProxy section */
		4968AFB7278ABD18001D9F45 /* PBXContainerItemProxy */ = {
			isa = PBXContainerItemProxy;
			containerPortal = 4968AF93278ABD15001D9F45 /* Project object */;
			proxyType = 1;
			remoteGlobalIDString = 4968AF9A278ABD15001D9F45;
			remoteInfo = OCKnowledge;
		};
		4968AFC2278ABD18001D9F45 /* PBXContainerItemProxy */ = {
			isa = PBXContainerItemProxy;
			containerPortal = 4968AF93278ABD15001D9F45 /* Project object */;
			proxyType = 1;
			remoteGlobalIDString = 4968AF9A278ABD15001D9F45;
			remoteInfo = OCKnowledge;
		};
/* End PBXContainerItemProxy section */

/* Begin PBXFileReference section */
		4968AF9B278ABD15001D9F45 /* OCKnowledge.app */ = {isa = PBXFileReference; explicitFileType = wrapper.application; includeInIndex = 0; path = OCKnowledge.app; sourceTree = BUILT_PRODUCTS_DIR; };
		4968AF9E278ABD15001D9F45 /* AppDelegate.h */ = {isa = PBXFileReference; lastKnownFileType = sourcecode.c.h; path = AppDelegate.h; sourceTree = "<group>"; };
		4968AF9F278ABD15001D9F45 /* AppDelegate.m */ = {isa = PBXFileReference; lastKnownFileType = sourcecode.c.objc; path = AppDelegate.m; sourceTree = "<group>"; };
		4968AFA1278ABD15001D9F45 /* SceneDelegate.h */ = {isa = PBXFileReference; lastKnownFileType = sourcecode.c.h; path = SceneDelegate.h; sourceTree = "<group>"; };
		4968AFA2278ABD15001D9F45 /* SceneDelegate.m */ = {isa = PBXFileReference; lastKnownFileType = sourcecode.c.objc; path = SceneDelegate.m; sourceTree = "<group>"; };
		4968AFA4278ABD15001D9F45 /* ViewController.h */ = {isa = PBXFileReference; lastKnownFileType = sourcecode.c.h; path = ViewController.h; sourceTree = "<group>"; };
		4968AFA5278ABD15001D9F45 /* ViewController.m */ = {isa = PBXFileReference; lastKnownFileType = sourcecode.c.objc; path = ViewController.m; sourceTree = "<group>"; };
		4968AFA8278ABD15001D9F45 /* Base */ = {isa = PBXFileReference; lastKnownFileType = file.storyboard; name = Base; path = Base.lproj/Main.storyboard; sourceTree = "<group>"; };
		4968AFAA278ABD18001D9F45 /* Assets.xcassets */ = {isa = PBXFileReference; lastKnownFileType = folder.assetcatalog; path = Assets.xcassets; sourceTree = "<group>"; };
		4968AFAD278ABD18001D9F45 /* Base */ = {isa = PBXFileReference; lastKnownFileType = file.storyboard; name = Base; path = Base.lproj/LaunchScreen.storyboard; sourceTree = "<group>"; };
		4968AFAF278ABD18001D9F45 /* Info.plist */ = {isa = PBXFileReference; lastKnownFileType = text.plist.xml; path = Info.plist; sourceTree = "<group>"; };
		4968AFB0278ABD18001D9F45 /* main.m */ = {isa = PBXFileReference; lastKnownFileType = sourcecode.c.objc; path = main.m; sourceTree = "<group>"; };
		4968AFB6278ABD18001D9F45 /* OCKnowledgeTests.xctest */ = {isa = PBXFileReference; explicitFileType = wrapper.cfbundle; includeInIndex = 0; path = OCKnowledgeTests.xctest; sourceTree = BUILT_PRODUCTS_DIR; };
		4968AFBA278ABD18001D9F45 /* OCKnowledgeTests.m */ = {isa = PBXFileReference; lastKnownFileType = sourcecode.c.objc; path = OCKnowledgeTests.m; sourceTree = "<group>"; };
		4968AFBC278ABD18001D9F45 /* Info.plist */ = {isa = PBXFileReference; lastKnownFileType = text.plist.xml; path = Info.plist; sourceTree = "<group>"; };
		4968AFC1278ABD18001D9F45 /* OCKnowledgeUITests.xctest */ = {isa = PBXFileReference; explicitFileType = wrapper.cfbundle; includeInIndex = 0; path = OCKnowledgeUITests.xctest; sourceTree = BUILT_PRODUCTS_DIR; };
		4968AFC5278ABD18001D9F45 /* OCKnowledgeUITests.m */ = {isa = PBXFileReference; lastKnownFileType = sourcecode.c.objc; path = OCKnowledgeUITests.m; sourceTree = "<group>"; };
		4968AFC7278ABD18001D9F45 /* Info.plist */ = {isa = PBXFileReference; lastKnownFileType = text.plist.xml; path = Info.plist; sourceTree = "<group>"; };
/* End PBXFileReference section */

/* Begin PBXFrameworksBuildPhase section */
		4968AF98278ABD15001D9F45 /* Frameworks */ = {
			isa = PBXFrameworksBuildPhase;
			buildActionMask = 2147483647;
			files = (
			);
			runOnlyForDeploymentPostprocessing = 0;
		};
		4968AFB3278ABD18001D9F45 /* Frameworks */ = {
			isa = PBXFrameworksBuildPhase;
			buildActionMask = 2147483647;
			files = (
			);
			runOnlyForDeploymentPostprocessing = 0;
		};
		4968AFBE278ABD18001D9F45 /* Frameworks */ = {
			isa = PBXFrameworksBuildPhase;
			buildActionMask = 2147483647;
			files = (
			);
			runOnlyForDeploymentPostprocessing = 0;
		};
/* End PBXFrameworksBuildPhase section */

/* Begin PBXGroup section */
		4968AF92278ABD15001D9F45 = {
			isa = PBXGroup;
			children = (
				4968AF9D278ABD15001D9F45 /* OCKnowledge */,
				4968AFB9278ABD18001D9F45 /* OCKnowledgeTests */,
				4968AFC4278ABD18001D9F45 /* OCKnowledgeUITests */,
				4968AF9C278ABD15001D9F45 /* Products */,
			);
			sourceTree = "<group>";
		};
		4968AF9C278ABD15001D9F45 /* Products */ = {
			isa = PBXGroup;
			children = (
				4968AF9B278ABD15001D9F45 /* OCKnowledge.app */,
				4968AFB6278ABD18001D9F45 /* OCKnowledgeTests.xctest */,
				4968AFC1278ABD18001D9F45 /* OCKnowledgeUITests.xctest */,
			);
			name = Products;
			sourceTree = "<group>";
		};
		4968AF9D278ABD15001D9F45 /* OCKnowledge */ = {
			isa = PBXGroup;
			children = (
				4968AF9E278ABD15001D9F45 /* AppDelegate.h */,
				4968AF9F278ABD15001D9F45 /* AppDelegate.m */,
				4968AFA1278ABD15001D9F45 /* SceneDelegate.h */,
				4968AFA2278ABD15001D9F45 /* SceneDelegate.m */,
				4968AFA4278ABD15001D9F45 /* ViewController.h */,
				4968AFA5278ABD15001D9F45 /* ViewController.m */,
				4968AFA7278ABD15001D9F45 /* Main.storyboard */,
				4968AFAA278ABD18001D9F45 /* Assets.xcassets */,
				4968AFAC278ABD18001D9F45 /* LaunchScreen.storyboard */,
				4968AFAF278ABD18001D9F45 /* Info.plist */,
				4968AFB0278ABD18001D9F45 /* main.m */,
			);
			path = OCKnowledge;
			sourceTree = "<group>";
		};
		4968AFB9278ABD18001D9F45 /* OCKnowledgeTests */ = {
			isa = PBXGroup;
			children = (
				4968AFBA278ABD18001D9F45 /* OCKnowledgeTests.m */,
				4968AFBC278ABD18001D9F45 /* Info.plist */,
			);
			path = OCKnowledgeTests;
			sourceTree = "<group>";
		};
		4968AFC4278ABD18001D9F45 /* OCKnowledgeUITests */ = {
			isa = PBXGroup;
			children = (
				4968AFC5278ABD18001D9F45 /* OCKnowledgeUITests.m */,
				4968AFC7278ABD18001D9F45 /* Info.plist */,
			);
			path = OCKnowledgeUITests;
			sourceTree = "<group>";
		};
/* End PBXGroup section */

/* Begin PBXNativeTarget section */
		4968AF9A278ABD15001D9F45 /* OCKnowledge */ = {
			isa = PBXNativeTarget;
			buildConfigurationList = 4968AFCA278ABD18001D9F45 /* Build configuration list for PBXNativeTarget "OCKnowledge" */;
			buildPhases = (
				4968AF97278ABD15001D9F45 /* Sources */,
				4968AF98278ABD15001D9F45 /* Frameworks */,
				4968AF99278ABD15001D9F45 /* Resources */,
			);
			buildRules = (
			);
			dependencies = (
			);
			name = OCKnowledge;
			productName = OCKnowledge;
			productReference = 4968AF9B278ABD15001D9F45 /* OCKnowledge.app */;
			productType = "com.apple.product-type.application";
		};
		4968AFB5278ABD18001D9F45 /* OCKnowledgeTests */ = {
			isa = PBXNativeTarget;
			buildConfigurationList = 4968AFCD278ABD18001D9F45 /* Build configuration list for PBXNativeTarget "OCKnowledgeTests" */;
			buildPhases = (
				4968AFB2278ABD18001D9F45 /* Sources */,
				4968AFB3278ABD18001D9F45 /* Frameworks */,
				4968AFB4278ABD18001D9F45 /* Resources */,
			);
			buildRules = (
			);
			dependencies = (
				4968AFB8278ABD18001D9F45 /* PBXTargetDependency */,
			);
			name = OCKnowledgeTests;
			productName = OCKnowledgeTests;
			productReference = 4968AFB6278ABD18001D9F45 /* OCKnowledgeTests.xctest */;
			productType = "com.apple.product-type.bundle.unit-test";
		};
		4968AFC0278ABD18001D9F45 /* OCKnowledgeUITests */ = {
			isa = PBXNativeTarget;
			buildConfigurationList = 4968AFD0278ABD18001D9F45 /* Build configuration list for PBXNativeTarget "OCKnowledgeUITests" */;
			buildPhases = (
				4968AFBD278ABD18001D9F45 /* Sources */,
				4968AFBE278ABD18001D9F45 /* Frameworks */,
				4968AFBF278ABD18001D9F45 /* Resources */,
			);
			buildRules = (
			);
			dependencies = (
				4968AFC3278ABD18001D9F45 /* PBXTargetDependency */,
			);
			name = OCKnowledgeUITests;
			productName = OCKnowledgeUITests;
			productReference = 4968AFC1278ABD18001D9F45 /* OCKnowledgeUITests.xctest */;
			productType = "com.apple.product-type.bundle.ui-testing";
		};
/* End PBXNativeTarget section */

/* Begin PBXProject section */
		4968AF93278ABD15001D9F45 /* Project object */ = {
			isa = PBXProject;
			attributes = {
				LastUpgradeCheck = 1250;
				TargetAttributes = {
					4968AF9A278ABD15001D9F45 = {
						CreatedOnToolsVersion = 12.5.1;
					};
					4968AFB5278ABD18001D9F45 = {
						CreatedOnToolsVersion = 12.5.1;
						TestTargetID = 4968AF9A278ABD15001D9F45;
					};
					4968AFC0278ABD18001D9F45 = {
						CreatedOnToolsVersion = 12.5.1;
						TestTargetID = 4968AF9A278ABD15001D9F45;
					};
				};
			};
			buildConfigurationList = 4968AF96278ABD15001D9F45 /* Build configuration list for PBXProject "OCKnowledge" */;
			compatibilityVersion = "Xcode 9.3";
			developmentRegion = en;
			hasScannedForEncodings = 0;
			knownRegions = (
				en,
				Base,
			);
			mainGroup = 4968AF92278ABD15001D9F45;
			productRefGroup = 4968AF9C278ABD15001D9F45 /* Products */;
			projectDirPath = "";
			projectRoot = "";
			targets = (
				4968AF9A278ABD15001D9F45 /* OCKnowledge */,
				4968AFB5278ABD18001D9F45 /* OCKnowledgeTests */,
				4968AFC0278ABD18001D9F45 /* OCKnowledgeUITests */,
			);
		};
/* End PBXProject section */

/* Begin PBXResourcesBuildPhase section */
		4968AF99278ABD15001D9F45 /* Resources */ = {
			isa = PBXResourcesBuildPhase;
			buildActionMask = 2147483647;
			files = (
				4968AFAE278ABD18001D9F45 /* LaunchScreen.storyboard in Resources */,
				4968AFAB278ABD18001D9F45 /* Assets.xcassets in Resources */,
				4968AFA9278ABD15001D9F45 /* Main.storyboard in Resources */,
			);
			runOnlyForDeploymentPostprocessing = 0;
		};
		4968AFB4278ABD18001D9F45 /* Resources */ = {
			isa = PBXResourcesBuildPhase;
			buildActionMask = 2147483647;
			files = (
			);
			runOnlyForDeploymentPostprocessing = 0;
		};
		4968AFBF278ABD18001D9F45 /* Resources */ = {
			isa = PBXResourcesBuildPhase;
			buildActionMask = 2147483647;
			files = (
			);
			runOnlyForDeploymentPostprocessing = 0;
		};
/* End PBXResourcesBuildPhase section */

/* Begin PBXSourcesBuildPhase section */
		4968AF97278ABD15001D9F45 /* Sources */ = {
			isa = PBXSourcesBuildPhase;
			buildActionMask = 2147483647;
			files = (
				4968AFA6278ABD15001D9F45 /* ViewController.m in Sources */,
				4968AFA0278ABD15001D9F45 /* AppDelegate.m in Sources */,
				4968AFB1278ABD18001D9F45 /* main.m in Sources */,
				4968AFA3278ABD15001D9F45 /* SceneDelegate.m in Sources */,
			);
			runOnlyForDeploymentPostprocessing = 0;
		};
		4968AFB2278ABD18001D9F45 /* Sources */ = {
			isa = PBXSourcesBuildPhase;
			buildActionMask = 2147483647;
			files = (
				4968AFBB278ABD18001D9F45 /* OCKnowledgeTests.m in Sources */,
			);
			runOnlyForDeploymentPostprocessing = 0;
		};
		4968AFBD278ABD18001D9F45 /* Sources */ = {
			isa = PBXSourcesBuildPhase;
			buildActionMask = 2147483647;
			files = (
				4968AFC6278ABD18001D9F45 /* OCKnowledgeUITests.m in Sources */,
			);
			runOnlyForDeploymentPostprocessing = 0;
		};
/* End PBXSourcesBuildPhase section */

/* Begin PBXTargetDependency section */
		4968AFB8278ABD18001D9F45 /* PBXTargetDependency */ = {
			isa = PBXTargetDependency;
			target = 4968AF9A278ABD15001D9F45 /* OCKnowledge */;
			targetProxy = 4968AFB7278ABD18001D9F45 /* PBXContainerItemProxy */;
		};
		4968AFC3278ABD18001D9F45 /* PBXTargetDependency */ = {
			isa = PBXTargetDependency;
			target = 4968AF9A278ABD15001D9F45 /* OCKnowledge */;
			targetProxy = 4968AFC2278ABD18001D9F45 /* PBXContainerItemProxy */;
		};
/* End PBXTargetDependency section */

/* Begin PBXVariantGroup section */
		4968AFA7278ABD15001D9F45 /* Main.storyboard */ = {
			isa = PBXVariantGroup;
			children = (
				4968AFA8278ABD15001D9F45 /* Base */,
			);
			name = Main.storyboard;
			sourceTree = "<group>";
		};
		4968AFAC278ABD18001D9F45 /* LaunchScreen.storyboard */ = {
			isa = PBXVariantGroup;
			children = (
				4968AFAD278ABD18001D9F45 /* Base */,
			);
			name = LaunchScreen.storyboard;
			sourceTree = "<group>";
		};
/* End PBXVariantGroup section */

/* Begin XCBuildConfiguration section */
		4968AFC8278ABD18001D9F45 /* Debug */ = {
			isa = XCBuildConfiguration;
			buildSettings = {
				ALWAYS_SEARCH_USER_PATHS = NO;
				CLANG_ANALYZER_NONNULL = YES;
				CLANG_ANALYZER_NUMBER_OBJECT_CONVERSION = YES_AGGRESSIVE;
				CLANG_CXX_LANGUAGE_STANDARD = "gnu++14";
				CLANG_CXX_LIBRARY = "libc++";
				CLANG_ENABLE_MODULES = YES;
				CLANG_ENABLE_OBJC_ARC = YES;
				CLANG_ENABLE_OBJC_WEAK = YES;
				CLANG_WARN_BLOCK_CAPTURE_AUTORELEASING = YES;
				CLANG_WARN_BOOL_CONVERSION = YES;
				CLANG_WARN_COMMA = YES;
				CLANG_WARN_CONSTANT_CONVERSION = YES;
				CLANG_WARN_DEPRECATED_OBJC_IMPLEMENTATIONS = YES;
				CLANG_WARN_DIRECT_OBJC_ISA_USAGE = YES_ERROR;
				CLANG_WARN_DOCUMENTATION_COMMENTS = YES;
				CLANG_WARN_EMPTY_BODY = YES;
				CLANG_WARN_ENUM_CONVERSION = YES;
				CLANG_WARN_INFINITE_RECURSION = YES;
				CLANG_WARN_INT_CONVERSION = YES;
				CLANG_WARN_NON_LITERAL_NULL_CONVERSION = YES;
				CLANG_WARN_OBJC_IMPLICIT_RETAIN_SELF = YES;
				CLANG_WARN_OBJC_LITERAL_CONVERSION = YES;
				CLANG_WARN_OBJC_ROOT_CLASS = YES_ERROR;
				CLANG_WARN_QUOTED_INCLUDE_IN_FRAMEWORK_HEADER = YES;
				CLANG_WARN_RANGE_LOOP_ANALYSIS = YES;
				CLANG_WARN_STRICT_PROTOTYPES = YES;
				CLANG_WARN_SUSPICIOUS_MOVE = YES;
				CLANG_WARN_UNGUARDED_AVAILABILITY = YES_AGGRESSIVE;
				CLANG_WARN_UNREACHABLE_CODE = YES;
				CLANG_WARN__DUPLICATE_METHOD_MATCH = YES;
				COPY_PHASE_STRIP = NO;
				DEBUG_INFORMATION_FORMAT = dwarf;
				ENABLE_STRICT_OBJC_MSGSEND = YES;
				ENABLE_TESTABILITY = YES;
				GCC_C_LANGUAGE_STANDARD = gnu11;
				GCC_DYNAMIC_NO_PIC = NO;
				GCC_NO_COMMON_BLOCKS = YES;
				GCC_OPTIMIZATION_LEVEL = 0;
				GCC_PREPROCESSOR_DEFINITIONS = (
					"DEBUG=1",
					"$(inherited)",
				);
				GCC_WARN_64_TO_32_BIT_CONVERSION = YES;
				GCC_WARN_ABOUT_RETURN_TYPE = YES_ERROR;
				GCC_WARN_UNDECLARED_SELECTOR = YES;
				GCC_WARN_UNINITIALIZED_AUTOS = YES_AGGRESSIVE;
				GCC_WARN_UNUSED_FUNCTION = YES;
				GCC_WARN_UNUSED_VARIABLE = YES;
				IPHONEOS_DEPLOYMENT_TARGET = 14.5;
				MTL_ENABLE_DEBUG_INFO = INCLUDE_SOURCE;
				MTL_FAST_MATH = YES;
				ONLY_ACTIVE_ARCH = YES;
				SDKROOT = iphoneos;
			};
			name = Debug;
		};
		4968AFC9278ABD18001D9F45 /* Release */ = {
			isa = XCBuildConfiguration;
			buildSettings = {
				ALWAYS_SEARCH_USER_PATHS = NO;
				CLANG_ANALYZER_NONNULL = YES;
				CLANG_ANALYZER_NUMBER_OBJECT_CONVERSION = YES_AGGRESSIVE;
				CLANG_CXX_LANGUAGE_STANDARD = "gnu++14";
				CLANG_CXX_LIBRARY = "libc++";
				CLANG_ENABLE_MODULES = YES;
				CLANG_ENABLE_OBJC_ARC = YES;
				CLANG_ENABLE_OBJC_WEAK = YES;
				CLANG_WARN_BLOCK_CAPTURE_AUTORELEASING = YES;
				CLANG_WARN_BOOL_CONVERSION = YES;
				CLANG_WARN_COMMA = YES;
				CLANG_WARN_CONSTANT_CONVERSION = YES;
				CLANG_WARN_DEPRECATED_OBJC_IMPLEMENTATIONS = YES;
				CLANG_WARN_DIRECT_OBJC_ISA_USAGE = YES_ERROR;
				CLANG_WARN_DOCUMENTATION_COMMENTS = YES;
				CLANG_WARN_EMPTY_BODY = YES;
				CLANG_WARN_ENUM_CONVERSION = YES;
				CLANG_WARN_INFINITE_RECURSION = YES;
				CLANG_WARN_INT_CONVERSION = YES;
				CLANG_WARN_NON_LITERAL_NULL_CONVERSION = YES;
				CLANG_WARN_OBJC_IMPLICIT_RETAIN_SELF = YES;
				CLANG_WARN_OBJC_LITERAL_CONVERSION = YES;
				CLANG_WARN_OBJC_ROOT_CLASS = YES_ERROR;
				CLANG_WARN_QUOTED_INCLUDE_IN_FRAMEWORK_HEADER = YES;
				CLANG_WARN_RANGE_LOOP_ANALYSIS = YES;
				CLANG_WARN_STRICT_PROTOTYPES = YES;
				CLANG_WARN_SUSPICIOUS_MOVE = YES;
				CLANG_WARN_UNGUARDED_AVAILABILITY = YES_AGGRESSIVE;
				CLANG_WARN_UNREACHABLE_CODE = YES;
				CLANG_WARN__DUPLICATE_METHOD_MATCH = YES;
				COPY_PHASE_STRIP = NO;
				DEBUG_INFORMATION_FORMAT = "dwarf-with-dsym";
				ENABLE_NS_ASSERTIONS = NO;
				ENABLE_STRICT_OBJC_MSGSEND = YES;
				GCC_C_LANGUAGE_STANDARD = gnu11;
				GCC_NO_COMMON_BLOCKS = YES;
				GCC_WARN_64_TO_32_BIT_CONVERSION = YES;
				GCC_WARN_ABOUT_RETURN_TYPE = YES_ERROR;
				GCC_WARN_UNDECLARED_SELECTOR = YES;
				GCC_WARN_UNINITIALIZED_AUTOS = YES_AGGRESSIVE;
				GCC_WARN_UNUSED_FUNCTION = YES;
				GCC_WARN_UNUSED_VARIABLE = YES;
				IPHONEOS_DEPLOYMENT_TARGET = 14.5;
				MTL_ENABLE_DEBUG_INFO = NO;
				MTL_FAST_MATH = YES;
				SDKROOT = iphoneos;
				VALIDATE_PRODUCT = YES;
			};
			name = Release;
		};
		4968AFCB278ABD18001D9F45 /* Debug */ = {
			isa = XCBuildConfiguration;
			buildSettings = {
				ASSETCATALOG_COMPILER_APPICON_NAME = AppIcon;
				ASSETCATALOG_COMPILER_GLOBAL_ACCENT_COLOR_NAME = AccentColor;
				CODE_SIGN_STYLE = Automatic;
				DEVELOPMENT_TEAM = 463F7G3CXF;
				INFOPLIST_FILE = OCKnowledge/Info.plist;
				LD_RUNPATH_SEARCH_PATHS = (
					"$(inherited)",
					"@executable_path/Frameworks",
				);
				PRODUCT_BUNDLE_IDENTIFIER = com.kenshin.oc.OCKnowledge;
				PRODUCT_NAME = "$(TARGET_NAME)";
				TARGETED_DEVICE_FAMILY = "1,2";
			};
			name = Debug;
		};
		4968AFCC278ABD18001D9F45 /* Release */ = {
			isa = XCBuildConfiguration;
			buildSettings = {
				ASSETCATALOG_COMPILER_APPICON_NAME = AppIcon;
				ASSETCATALOG_COMPILER_GLOBAL_ACCENT_COLOR_NAME = AccentColor;
				CODE_SIGN_STYLE = Automatic;
				DEVELOPMENT_TEAM = 463F7G3CXF;
				INFOPLIST_FILE = OCKnowledge/Info.plist;
				LD_RUNPATH_SEARCH_PATHS = (
					"$(inherited)",
					"@executable_path/Frameworks",
				);
				PRODUCT_BUNDLE_IDENTIFIER = com.kenshin.oc.OCKnowledge;
				PRODUCT_NAME = "$(TARGET_NAME)";
				TARGETED_DEVICE_FAMILY = "1,2";
			};
			name = Release;
		};
		4968AFCE278ABD18001D9F45 /* Debug */ = {
			isa = XCBuildConfiguration;
			buildSettings = {
				BUNDLE_LOADER = "$(TEST_HOST)";
				CODE_SIGN_STYLE = Automatic;
				DEVELOPMENT_TEAM = 463F7G3CXF;
				INFOPLIST_FILE = OCKnowledgeTests/Info.plist;
				IPHONEOS_DEPLOYMENT_TARGET = 14.5;
				LD_RUNPATH_SEARCH_PATHS = (
					"$(inherited)",
					"@executable_path/Frameworks",
					"@loader_path/Frameworks",
				);
				PRODUCT_BUNDLE_IDENTIFIER = com.kenshin.oc.OCKnowledgeTests;
				PRODUCT_NAME = "$(TARGET_NAME)";
				TARGETED_DEVICE_FAMILY = "1,2";
				TEST_HOST = "$(BUILT_PRODUCTS_DIR)/OCKnowledge.app/OCKnowledge";
			};
			name = Debug;
		};
		4968AFCF278ABD18001D9F45 /* Release */ = {
			isa = XCBuildConfiguration;
			buildSettings = {
				BUNDLE_LOADER = "$(TEST_HOST)";
				CODE_SIGN_STYLE = Automatic;
				DEVELOPMENT_TEAM = 463F7G3CXF;
				INFOPLIST_FILE = OCKnowledgeTests/Info.plist;
				IPHONEOS_DEPLOYMENT_TARGET = 14.5;
				LD_RUNPATH_SEARCH_PATHS = (
					"$(inherited)",
					"@executable_path/Frameworks",
					"@loader_path/Frameworks",
				);
				PRODUCT_BUNDLE_IDENTIFIER = com.kenshin.oc.OCKnowledgeTests;
				PRODUCT_NAME = "$(TARGET_NAME)";
				TARGETED_DEVICE_FAMILY = "1,2";
				TEST_HOST = "$(BUILT_PRODUCTS_DIR)/OCKnowledge.app/OCKnowledge";
			};
			name = Release;
		};
		4968AFD1278ABD18001D9F45 /* Debug */ = {
			isa = XCBuildConfiguration;
			buildSettings = {
				CODE_SIGN_STYLE = Automatic;
				DEVELOPMENT_TEAM = 463F7G3CXF;
				INFOPLIST_FILE = OCKnowledgeUITests/Info.plist;
				LD_RUNPATH_SEARCH_PATHS = (
					"$(inherited)",
					"@executable_path/Frameworks",
					"@loader_path/Frameworks",
				);
				PRODUCT_BUNDLE_IDENTIFIER = com.kenshin.oc.OCKnowledgeUITests;
				PRODUCT_NAME = "$(TARGET_NAME)";
				TARGETED_DEVICE_FAMILY = "1,2";
				TEST_TARGET_NAME = OCKnowledge;
			};
			name = Debug;
		};
		4968AFD2278ABD18001D9F45 /* Release */ = {
			isa = XCBuildConfiguration;
			buildSettings = {
				CODE_SIGN_STYLE = Automatic;
				DEVELOPMENT_TEAM = 463F7G3CXF;
				INFOPLIST_FILE = OCKnowledgeUITests/Info.plist;
				LD_RUNPATH_SEARCH_PATHS = (
					"$(inherited)",
					"@executable_path/Frameworks",
					"@loader_path/Frameworks",
				);
				PRODUCT_BUNDLE_IDENTIFIER = com.kenshin.oc.OCKnowledgeUITests;
				PRODUCT_NAME = "$(TARGET_NAME)";
				TARGETED_DEVICE_FAMILY = "1,2";
				TEST_TARGET_NAME = OCKnowledge;
			};
			name = Release;
		};
/* End XCBuildConfiguration section */

/* Begin XCConfigurationList section */
		4968AF96278ABD15001D9F45 /* Build configuration list for PBXProject "OCKnowledge" */ = {
			isa = XCConfigurationList;
			buildConfigurations = (
				4968AFC8278ABD18001D9F45 /* Debug */,
				4968AFC9278ABD18001D9F45 /* Release */,
			);
			defaultConfigurationIsVisible = 0;
			defaultConfigurationName = Release;
		};
		4968AFCA278ABD18001D9F45 /* Build configuration list for PBXNativeTarget "OCKnowledge" */ = {
			isa = XCConfigurationList;
			buildConfigurations = (
				4968AFCB278ABD18001D9F45 /* Debug */,
				4968AFCC278ABD18001D9F45 /* Release */,
			);
			defaultConfigurationIsVisible = 0;
			defaultConfigurationName = Release;
		};
		4968AFCD278ABD18001D9F45 /* Build configuration list for PBXNativeTarget "OCKnowledgeTests" */ = {
			isa = XCConfigurationList;
			buildConfigurations = (
				4968AFCE278ABD18001D9F45 /* Debug */,
				4968AFCF278ABD18001D9F45 /* Release */,
			);
			defaultConfigurationIsVisible = 0;
			defaultConfigurationName = Release;
		};
		4968AFD0278ABD18001D9F45 /* Build configuration list for PBXNativeTarget "OCKnowledgeUITests" */ = {
			isa = XCConfigurationList;
			buildConfigurations = (
				4968AFD1278ABD18001D9F45 /* Debug */,
				4968AFD2278ABD18001D9F45 /* Release */,
			);
			defaultConfigurationIsVisible = 0;
			defaultConfigurationName = Release;
		};
/* End XCConfigurationList section */
	};
	rootObject = 4968AF93278ABD15001D9F45 /* Project object */;
}
